
Microsoft Visual Studio Solution File, Format Version 12.00
# Visual Studio Version 16
VisualStudioVersion = 16.0.31729.503
MinimumVisualStudioVersion = 10.0.40219.1
Project("{FAE04EC0-301F-11D3-BF4B-00C04F79EFBC}") = "MHRSLiteUI", "MHRSLiteUI\MHRSLiteUI.csproj", "{F5CB35F1-8DDF-488A-B586-AABD52F8D4F6}"
EndProject
Project("{FAE04EC0-301F-11D3-BF4B-00C04F79EFBC}") = "MHRSLiteBusiness", "MHRSLiteBusiness\MHRSLiteBusiness.csproj", "{2BCF3DEB-9089-4346-A1EC-9996FDBB31F0}"
EndProject
Project("{FAE04EC0-301F-11D3-BF4B-00C04F79EFBC}") = "MHRSLiteDataAccess", "MHRSLiteDataAccess\MHRSLiteDataAccess.csproj", "{81656696-0689-444E-811D-FDD9AE17DE63}"
EndProject
Project("{FAE04EC0-301F-11D3-BF4B-00C04F79EFBC}") = "MHRSLiteEntity", "MHRSLiteEntity\MHRSLiteEntity.csproj", "{2BA79A63-E0CF-4898-850B-592CFF00ADB8}"
EndProject
Global
	GlobalSection(SolutionConfigurationPlatforms) = preSolution
		Debug|Any CPU = Debug|Any CPU
		Release|Any CPU = Release|Any CPU
	EndGlobalSection
	GlobalSection(ProjectConfigurationPlatforms) = postSolution
		{F5CB35F1-8DDF-488A-B586-AABD52F8D4F6}.Debug|Any CPU.ActiveCfg = Debug|Any CPU
		{F5CB35F1-8DDF-488A-B586-AABD52F8D4F6}.Debug|Any CPU.Build.0 = Debug|Any CPU
		{F5CB35F1-8DDF-488A-B586-AABD52F8D4F6}.Release|Any CPU.ActiveCfg = Release|Any CPU
		{F5CB35F1-8DDF-488A-B586-AABD52F8D4F6}.Release|Any CPU.Build.0 = Release|Any CPU
		{2BCF3DEB-9089-4346-A1EC-9996FDBB31F0}.Debug|Any CPU.ActiveCfg = Debug|Any CPU
		{2BCF3DEB-9089-4346-A1EC-9996FDBB31F0}.Debug|Any CPU.Build.0 = Debug|Any CPU
		{2BCF3DEB-9089-4346-A1EC-9996FDBB31F0}.Release|Any CPU.ActiveCfg = Release|Any CPU
		{2BCF3DEB-9089-4346-A1EC-9996FDBB31F0}.Release|Any CPU.Build.0 = Release|Any CPU
		{81656696-0689-444E-811D-FDD9AE17DE63}.Debug|Any CPU.ActiveCfg = Debug|Any CPU
		{81656696-0689-444E-811D-FDD9AE17DE63}.Debug|Any CPU.Build.0 = Debug|Any CPU
		{81656696-0689-444E-811D-FDD9AE17DE63}.Release|Any CPU.ActiveCfg = Release|Any CPU
		{81656696-0689-444E-811D-FDD9AE17DE63}.Release|Any CPU.Build.0 = Release|Any CPU
		{2BA79A63-E0CF-4898-850B-592CFF00ADB8}.Debug|Any CPU.ActiveCfg = Debug|Any CPU
		{2BA79A63-E0CF-4898-850B-592CFF00ADB8}.Debug|Any CPU.Build.0 = Debug|Any CPU
		{2BA79A63-E0CF-4898-850B-592CFF00ADB8}.Release|Any CPU.ActiveCfg = Release|Any CPU
		{2BA79A63-E0CF-4898-850B-592CFF00ADB8}.Release|Any CPU.Build.0 = Release|Any CPU
	EndGlobalSection
	GlobalSection(SolutionProperties) = preSolution
		HideSolutionNode = FALSE
	EndGlobalSection
	GlobalSection(ExtensibilityGlobals) = postSolution
		SolutionGuid = {D97B2DC7-BF47-4465-9FB8-BD2B4E48534D}
	EndGlobalSection
EndGlobal
